// !$*UTF8*$!
{
	archiveVersion = 1;
	classes = {
	};
	objectVersion = 56;
	objects = {

/* Begin PBXBuildFile section */
		8143C72629F7FD56007E7B0C /* AppDelegate.swift in Sources */ = {isa = PBXBuildFile; fileRef = 8143C72529F7FD56007E7B0C /* AppDelegate.swift */; };
		8143C72829F7FD56007E7B0C /* SceneDelegate.swift in Sources */ = {isa = PBXBuildFile; fileRef = 8143C72729F7FD56007E7B0C /* SceneDelegate.swift */; };
		8143C72D29F7FD56007E7B0C /* Main.storyboard in Resources */ = {isa = PBXBuildFile; fileRef = 8143C72B29F7FD56007E7B0C /* Main.storyboard */; };
		8143C73029F7FD57007E7B0C /* AluraLeilao.xcdatamodeld in Sources */ = {isa = PBXBuildFile; fileRef = 8143C72E29F7FD57007E7B0C /* AluraLeilao.xcdatamodeld */; };
		8143C73229F7FD58007E7B0C /* Assets.xcassets in Resources */ = {isa = PBXBuildFile; fileRef = 8143C73129F7FD58007E7B0C /* Assets.xcassets */; };
		8143C73529F7FD58007E7B0C /* LaunchScreen.storyboard in Resources */ = {isa = PBXBuildFile; fileRef = 8143C73329F7FD58007E7B0C /* LaunchScreen.storyboard */; };
		8143C74029F7FD59007E7B0C /* AluraLeilaoTests.swift in Sources */ = {isa = PBXBuildFile; fileRef = 8143C73F29F7FD59007E7B0C /* AluraLeilaoTests.swift */; };
		8143C74A29F7FD59007E7B0C /* AluraLeilaoUITests.swift in Sources */ = {isa = PBXBuildFile; fileRef = 8143C74929F7FD59007E7B0C /* AluraLeilaoUITests.swift */; };
		8143C74C29F7FD59007E7B0C /* AluraLeilaoUITestsLaunchTests.swift in Sources */ = {isa = PBXBuildFile; fileRef = 8143C74B29F7FD59007E7B0C /* AluraLeilaoUITestsLaunchTests.swift */; };
		8143C75D29F7FE6F007E7B0C /* Lance.swift in Sources */ = {isa = PBXBuildFile; fileRef = 8143C75929F7FE6F007E7B0C /* Lance.swift */; };
		8143C75E29F7FE6F007E7B0C /* Usuario.swift in Sources */ = {isa = PBXBuildFile; fileRef = 8143C75A29F7FE6F007E7B0C /* Usuario.swift */; };
		8143C75F29F7FE6F007E7B0C /* Leilao.swift in Sources */ = {isa = PBXBuildFile; fileRef = 8143C75B29F7FE6F007E7B0C /* Leilao.swift */; };
		8143C76029F7FE6F007E7B0C /* Avaliador.swift in Sources */ = {isa = PBXBuildFile; fileRef = 8143C75C29F7FE6F007E7B0C /* Avaliador.swift */; };
		8143C76629F7FF0E007E7B0C /* ViewController.swift in Sources */ = {isa = PBXBuildFile; fileRef = 8143C76529F7FF0E007E7B0C /* ViewController.swift */; };
		8143C76929F85B36007E7B0C /* AvaliadorTests.swift in Sources */ = {isa = PBXBuildFile; fileRef = 8143C76829F85B36007E7B0C /* AvaliadorTests.swift */; };
		815578D529F95E7E008CE2D7 /* CriadorDeLeilao.swift in Sources */ = {isa = PBXBuildFile; fileRef = 815578D429F95E7E008CE2D7 /* CriadorDeLeilao.swift */; };
/* End PBXBuildFile section */

/* Begin PBXContainerItemProxy section */
		8143C73C29F7FD59007E7B0C /* PBXContainerItemProxy */ = {
			isa = PBXContainerItemProxy;
			containerPortal = 8143C71A29F7FD56007E7B0C /* Project object */;
			proxyType = 1;
			remoteGlobalIDString = 8143C72129F7FD56007E7B0C;
			remoteInfo = AluraLeilao;
		};
		8143C74629F7FD59007E7B0C /* PBXContainerItemProxy */ = {
			isa = PBXContainerItemProxy;
			containerPortal = 8143C71A29F7FD56007E7B0C /* Project object */;
			proxyType = 1;
			remoteGlobalIDString = 8143C72129F7FD56007E7B0C;
			remoteInfo = AluraLeilao;
		};
/* End PBXContainerItemProxy section */

/* Begin PBXFileReference section */
		8143C72229F7FD56007E7B0C /* AluraLeilao.app */ = {isa = PBXFileReference; explicitFileType = wrapper.application; includeInIndex = 0; path = AluraLeilao.app; sourceTree = BUILT_PRODUCTS_DIR; };
		8143C72529F7FD56007E7B0C /* AppDelegate.swift */ = {isa = PBXFileReference; lastKnownFileType = sourcecode.swift; path = AppDelegate.swift; sourceTree = "<group>"; };
		8143C72729F7FD56007E7B0C /* SceneDelegate.swift */ = {isa = PBXFileReference; lastKnownFileType = sourcecode.swift; path = SceneDelegate.swift; sourceTree = "<group>"; };
		8143C72C29F7FD56007E7B0C /* Base */ = {isa = PBXFileReference; lastKnownFileType = file.storyboard; name = Base; path = Base.lproj/Main.storyboard; sourceTree = "<group>"; };
		8143C72F29F7FD57007E7B0C /* AluraLeilao.xcdatamodel */ = {isa = PBXFileReference; lastKnownFileType = wrapper.xcdatamodel; path = AluraLeilao.xcdatamodel; sourceTree = "<group>"; };
		8143C73129F7FD58007E7B0C /* Assets.xcassets */ = {isa = PBXFileReference; lastKnownFileType = folder.assetcatalog; path = Assets.xcassets; sourceTree = "<group>"; };
		8143C73429F7FD58007E7B0C /* Base */ = {isa = PBXFileReference; lastKnownFileType = file.storyboard; name = Base; path = Base.lproj/LaunchScreen.storyboard; sourceTree = "<group>"; };
		8143C73629F7FD58007E7B0C /* Info.plist */ = {isa = PBXFileReference; lastKnownFileType = text.plist.xml; path = Info.plist; sourceTree = "<group>"; };
		8143C73B29F7FD59007E7B0C /* AluraLeilaoTests.xctest */ = {isa = PBXFileReference; explicitFileType = wrapper.cfbundle; includeInIndex = 0; path = AluraLeilaoTests.xctest; sourceTree = BUILT_PRODUCTS_DIR; };
		8143C73F29F7FD59007E7B0C /* AluraLeilaoTests.swift */ = {isa = PBXFileReference; lastKnownFileType = sourcecode.swift; path = AluraLeilaoTests.swift; sourceTree = "<group>"; };
		8143C74529F7FD59007E7B0C /* AluraLeilaoUITests.xctest */ = {isa = PBXFileReference; explicitFileType = wrapper.cfbundle; includeInIndex = 0; path = AluraLeilaoUITests.xctest; sourceTree = BUILT_PRODUCTS_DIR; };
		8143C74929F7FD59007E7B0C /* AluraLeilaoUITests.swift */ = {isa = PBXFileReference; lastKnownFileType = sourcecode.swift; path = AluraLeilaoUITests.swift; sourceTree = "<group>"; };
		8143C74B29F7FD59007E7B0C /* AluraLeilaoUITestsLaunchTests.swift */ = {isa = PBXFileReference; lastKnownFileType = sourcecode.swift; path = AluraLeilaoUITestsLaunchTests.swift; sourceTree = "<group>"; };
		8143C75929F7FE6F007E7B0C /* Lance.swift */ = {isa = PBXFileReference; fileEncoding = 4; lastKnownFileType = sourcecode.swift; path = Lance.swift; sourceTree = "<group>"; };
		8143C75A29F7FE6F007E7B0C /* Usuario.swift */ = {isa = PBXFileReference; fileEncoding = 4; lastKnownFileType = sourcecode.swift; path = Usuario.swift; sourceTree = "<group>"; };
		8143C75B29F7FE6F007E7B0C /* Leilao.swift */ = {isa = PBXFileReference; fileEncoding = 4; lastKnownFileType = sourcecode.swift; path = Leilao.swift; sourceTree = "<group>"; };
		8143C75C29F7FE6F007E7B0C /* Avaliador.swift */ = {isa = PBXFileReference; fileEncoding = 4; lastKnownFileType = sourcecode.swift; path = Avaliador.swift; sourceTree = "<group>"; };
		8143C76529F7FF0E007E7B0C /* ViewController.swift */ = {isa = PBXFileReference; fileEncoding = 4; lastKnownFileType = sourcecode.swift; path = ViewController.swift; sourceTree = "<group>"; };
		8143C76829F85B36007E7B0C /* AvaliadorTests.swift */ = {isa = PBXFileReference; lastKnownFileType = sourcecode.swift; path = AvaliadorTests.swift; sourceTree = "<group>"; };
		815578D429F95E7E008CE2D7 /* CriadorDeLeilao.swift */ = {isa = PBXFileReference; lastKnownFileType = sourcecode.swift; path = CriadorDeLeilao.swift; sourceTree = "<group>"; };
/* End PBXFileReference section */

/* Begin PBXFrameworksBuildPhase section */
		8143C71F29F7FD56007E7B0C /* Frameworks */ = {
			isa = PBXFrameworksBuildPhase;
			buildActionMask = 2147483647;
			files = (
			);
			runOnlyForDeploymentPostprocessing = 0;
		};
		8143C73829F7FD59007E7B0C /* Frameworks */ = {
			isa = PBXFrameworksBuildPhase;
			buildActionMask = 2147483647;
			files = (
			);
			runOnlyForDeploymentPostprocessing = 0;
		};
		8143C74229F7FD59007E7B0C /* Frameworks */ = {
			isa = PBXFrameworksBuildPhase;
			buildActionMask = 2147483647;
			files = (
			);
			runOnlyForDeploymentPostprocessing = 0;
		};
/* End PBXFrameworksBuildPhase section */

/* Begin PBXGroup section */
		8143C71929F7FD56007E7B0C = {
			isa = PBXGroup;
			children = (
				8143C72429F7FD56007E7B0C /* AluraLeilao */,
				8143C73E29F7FD59007E7B0C /* AluraLeilaoTests */,
				8143C74829F7FD59007E7B0C /* AluraLeilaoUITests */,
				8143C72329F7FD56007E7B0C /* Products */,
			);
			sourceTree = "<group>";
		};
		8143C72329F7FD56007E7B0C /* Products */ = {
			isa = PBXGroup;
			children = (
				8143C72229F7FD56007E7B0C /* AluraLeilao.app */,
				8143C73B29F7FD59007E7B0C /* AluraLeilaoTests.xctest */,
				8143C74529F7FD59007E7B0C /* AluraLeilaoUITests.xctest */,
			);
			name = Products;
			sourceTree = "<group>";
		};
		8143C72429F7FD56007E7B0C /* AluraLeilao */ = {
			isa = PBXGroup;
			children = (
				8143C76429F7FEEC007E7B0C /* Controllers */,
				8143C75829F7FE2D007E7B0C /* Models */,
				8143C72529F7FD56007E7B0C /* AppDelegate.swift */,
				8143C72729F7FD56007E7B0C /* SceneDelegate.swift */,
				8143C72B29F7FD56007E7B0C /* Main.storyboard */,
				8143C73129F7FD58007E7B0C /* Assets.xcassets */,
				8143C73329F7FD58007E7B0C /* LaunchScreen.storyboard */,
				8143C73629F7FD58007E7B0C /* Info.plist */,
				8143C72E29F7FD57007E7B0C /* AluraLeilao.xcdatamodeld */,
			);
			path = AluraLeilao;
			sourceTree = "<group>";
		};
		8143C73E29F7FD59007E7B0C /* AluraLeilaoTests */ = {
			isa = PBXGroup;
			children = (
				8143C73F29F7FD59007E7B0C /* AluraLeilaoTests.swift */,
				8143C76829F85B36007E7B0C /* AvaliadorTests.swift */,
			);
			path = AluraLeilaoTests;
			sourceTree = "<group>";
		};
		8143C74829F7FD59007E7B0C /* AluraLeilaoUITests */ = {
			isa = PBXGroup;
			children = (
				8143C74929F7FD59007E7B0C /* AluraLeilaoUITests.swift */,
				8143C74B29F7FD59007E7B0C /* AluraLeilaoUITestsLaunchTests.swift */,
			);
			path = AluraLeilaoUITests;
			sourceTree = "<group>";
		};
		8143C75829F7FE2D007E7B0C /* Models */ = {
			isa = PBXGroup;
			children = (
				815578D329F95E55008CE2D7 /* DataBuilder */,
				8143C75C29F7FE6F007E7B0C /* Avaliador.swift */,
				8143C75929F7FE6F007E7B0C /* Lance.swift */,
				8143C75B29F7FE6F007E7B0C /* Leilao.swift */,
				8143C75A29F7FE6F007E7B0C /* Usuario.swift */,
			);
			path = Models;
			sourceTree = "<group>";
		};
		8143C76429F7FEEC007E7B0C /* Controllers */ = {
			isa = PBXGroup;
			children = (
				8143C76529F7FF0E007E7B0C /* ViewController.swift */,
			);
			path = Controllers;
			sourceTree = "<group>";
		};
		815578D329F95E55008CE2D7 /* DataBuilder */ = {
			isa = PBXGroup;
			children = (
				815578D429F95E7E008CE2D7 /* CriadorDeLeilao.swift */,
			);
			path = DataBuilder;
			sourceTree = "<group>";
		};
/* End PBXGroup section */

/* Begin PBXNativeTarget section */
		8143C72129F7FD56007E7B0C /* AluraLeilao */ = {
			isa = PBXNativeTarget;
			buildConfigurationList = 8143C74F29F7FD59007E7B0C /* Build configuration list for PBXNativeTarget "AluraLeilao" */;
			buildPhases = (
				8143C71E29F7FD56007E7B0C /* Sources */,
				8143C71F29F7FD56007E7B0C /* Frameworks */,
				8143C72029F7FD56007E7B0C /* Resources */,
			);
			buildRules = (
			);
			dependencies = (
			);
			name = AluraLeilao;
			productName = AluraLeilao;
			productReference = 8143C72229F7FD56007E7B0C /* AluraLeilao.app */;
			productType = "com.apple.product-type.application";
		};
		8143C73A29F7FD59007E7B0C /* AluraLeilaoTests */ = {
			isa = PBXNativeTarget;
			buildConfigurationList = 8143C75229F7FD59007E7B0C /* Build configuration list for PBXNativeTarget "AluraLeilaoTests" */;
			buildPhases = (
				8143C73729F7FD59007E7B0C /* Sources */,
				8143C73829F7FD59007E7B0C /* Frameworks */,
				8143C73929F7FD59007E7B0C /* Resources */,
			);
			buildRules = (
			);
			dependencies = (
				8143C73D29F7FD59007E7B0C /* PBXTargetDependency */,
			);
			name = AluraLeilaoTests;
			productName = AluraLeilaoTests;
			productReference = 8143C73B29F7FD59007E7B0C /* AluraLeilaoTests.xctest */;
			productType = "com.apple.product-type.bundle.unit-test";
		};
		8143C74429F7FD59007E7B0C /* AluraLeilaoUITests */ = {
			isa = PBXNativeTarget;
			buildConfigurationList = 8143C75529F7FD59007E7B0C /* Build configuration list for PBXNativeTarget "AluraLeilaoUITests" */;
			buildPhases = (
				8143C74129F7FD59007E7B0C /* Sources */,
				8143C74229F7FD59007E7B0C /* Frameworks */,
				8143C74329F7FD59007E7B0C /* Resources */,
			);
			buildRules = (
			);
			dependencies = (
				8143C74729F7FD59007E7B0C /* PBXTargetDependency */,
			);
			name = AluraLeilaoUITests;
			productName = AluraLeilaoUITests;
			productReference = 8143C74529F7FD59007E7B0C /* AluraLeilaoUITests.xctest */;
			productType = "com.apple.product-type.bundle.ui-testing";
		};
/* End PBXNativeTarget section */

/* Begin PBXProject section */
		8143C71A29F7FD56007E7B0C /* Project object */ = {
			isa = PBXProject;
			attributes = {
				BuildIndependentTargetsInParallel = 1;
				LastSwiftUpdateCheck = 1430;
				LastUpgradeCheck = 1430;
				TargetAttributes = {
					8143C72129F7FD56007E7B0C = {
						CreatedOnToolsVersion = 14.3;
					};
					8143C73A29F7FD59007E7B0C = {
						CreatedOnToolsVersion = 14.3;
						TestTargetID = 8143C72129F7FD56007E7B0C;
					};
					8143C74429F7FD59007E7B0C = {
						CreatedOnToolsVersion = 14.3;
						TestTargetID = 8143C72129F7FD56007E7B0C;
					};
				};
			};
			buildConfigurationList = 8143C71D29F7FD56007E7B0C /* Build configuration list for PBXProject "AluraLeilao" */;
			compatibilityVersion = "Xcode 14.0";
			developmentRegion = en;
			hasScannedForEncodings = 0;
			knownRegions = (
				en,
				Base,
			);
			mainGroup = 8143C71929F7FD56007E7B0C;
			productRefGroup = 8143C72329F7FD56007E7B0C /* Products */;
			projectDirPath = "";
			projectRoot = "";
			targets = (
				8143C72129F7FD56007E7B0C /* AluraLeilao */,
				8143C73A29F7FD59007E7B0C /* AluraLeilaoTests */,
				8143C74429F7FD59007E7B0C /* AluraLeilaoUITests */,
			);
		};
/* End PBXProject section */

/* Begin PBXResourcesBuildPhase section */
		8143C72029F7FD56007E7B0C /* Resources */ = {
			isa = PBXResourcesBuildPhase;
			buildActionMask = 2147483647;
			files = (
				8143C73529F7FD58007E7B0C /* LaunchScreen.storyboard in Resources */,
				8143C73229F7FD58007E7B0C /* Assets.xcassets in Resources */,
				8143C72D29F7FD56007E7B0C /* Main.storyboard in Resources */,
			);
			runOnlyForDeploymentPostprocessing = 0;
		};
		8143C73929F7FD59007E7B0C /* Resources */ = {
			isa = PBXResourcesBuildPhase;
			buildActionMask = 2147483647;
			files = (
			);
			runOnlyForDeploymentPostprocessing = 0;
		};
		8143C74329F7FD59007E7B0C /* Resources */ = {
			isa = PBXResourcesBuildPhase;
			buildActionMask = 2147483647;
			files = (
			);
			runOnlyForDeploymentPostprocessing = 0;
		};
/* End PBXResourcesBuildPhase section */

/* Begin PBXSourcesBuildPhase section */
		8143C71E29F7FD56007E7B0C /* Sources */ = {
			isa = PBXSourcesBuildPhase;
			buildActionMask = 2147483647;
			files = (
				8143C72629F7FD56007E7B0C /* AppDelegate.swift in Sources */,
				815578D529F95E7E008CE2D7 /* CriadorDeLeilao.swift in Sources */,
				8143C75E29F7FE6F007E7B0C /* Usuario.swift in Sources */,
				8143C76629F7FF0E007E7B0C /* ViewController.swift in Sources */,
				8143C72829F7FD56007E7B0C /* SceneDelegate.swift in Sources */,
				8143C75F29F7FE6F007E7B0C /* Leilao.swift in Sources */,
				8143C76029F7FE6F007E7B0C /* Avaliador.swift in Sources */,
				8143C73029F7FD57007E7B0C /* AluraLeilao.xcdatamodeld in Sources */,
				8143C75D29F7FE6F007E7B0C /* Lance.swift in Sources */,
			);
			runOnlyForDeploymentPostprocessing = 0;
		};
		8143C73729F7FD59007E7B0C /* Sources */ = {
			isa = PBXSourcesBuildPhase;
			buildActionMask = 2147483647;
			files = (
				8143C74029F7FD59007E7B0C /* AluraLeilaoTests.swift in Sources */,
				8143C76929F85B36007E7B0C /* AvaliadorTests.swift in Sources */,
			);
			runOnlyForDeploymentPostprocessing = 0;
		};
		8143C74129F7FD59007E7B0C /* Sources */ = {
			isa = PBXSourcesBuildPhase;
			buildActionMask = 2147483647;
			files = (
				8143C74C29F7FD59007E7B0C /* AluraLeilaoUITestsLaunchTests.swift in Sources */,
				8143C74A29F7FD59007E7B0C /* AluraLeilaoUITests.swift in Sources */,
			);
			runOnlyForDeploymentPostprocessing = 0;
		};
/* End PBXSourcesBuildPhase section */

/* Begin PBXTargetDependency section */
		8143C73D29F7FD59007E7B0C /* PBXTargetDependency */ = {
			isa = PBXTargetDependency;
			target = 8143C72129F7FD56007E7B0C /* AluraLeilao */;
			targetProxy = 8143C73C29F7FD59007E7B0C /* PBXContainerItemProxy */;
		};
		8143C74729F7FD59007E7B0C /* PBXTargetDependency */ = {
			isa = PBXTargetDependency;
			target = 8143C72129F7FD56007E7B0C /* AluraLeilao */;
			targetProxy = 8143C74629F7FD59007E7B0C /* PBXContainerItemProxy */;
		};
/* End PBXTargetDependency section */

/* Begin PBXVariantGroup section */
		8143C72B29F7FD56007E7B0C /* Main.storyboard */ = {
			isa = PBXVariantGroup;
			children = (
				8143C72C29F7FD56007E7B0C /* Base */,
			);
			name = Main.storyboard;
			sourceTree = "<group>";
		};
		8143C73329F7FD58007E7B0C /* LaunchScreen.storyboard */ = {
			isa = PBXVariantGroup;
			children = (
				8143C73429F7FD58007E7B0C /* Base */,
			);
			name = LaunchScreen.storyboard;
			sourceTree = "<group>";
		};
/* End PBXVariantGroup section */

/* Begin XCBuildConfiguration section */
		8143C74D29F7FD59007E7B0C /* Debug */ = {
			isa = XCBuildConfiguration;
			buildSettings = {
				ALWAYS_SEARCH_USER_PATHS = NO;
				CLANG_ANALYZER_NONNULL = YES;
				CLANG_ANALYZER_NUMBER_OBJECT_CONVERSION = YES_AGGRESSIVE;
				CLANG_CXX_LANGUAGE_STANDARD = "gnu++20";
				CLANG_ENABLE_MODULES = YES;
				CLANG_ENABLE_OBJC_ARC = YES;
				CLANG_ENABLE_OBJC_WEAK = YES;
				CLANG_WARN_BLOCK_CAPTURE_AUTORELEASING = YES;
				CLANG_WARN_BOOL_CONVERSION = YES;
				CLANG_WARN_COMMA = YES;
				CLANG_WARN_CONSTANT_CONVERSION = YES;
				CLANG_WARN_DEPRECATED_OBJC_IMPLEMENTATIONS = YES;
				CLANG_WARN_DIRECT_OBJC_ISA_USAGE = YES_ERROR;
				CLANG_WARN_DOCUMENTATION_COMMENTS = YES;
				CLANG_WARN_EMPTY_BODY = YES;
				CLANG_WARN_ENUM_CONVERSION = YES;
				CLANG_WARN_INFINITE_RECURSION = YES;
				CLANG_WARN_INT_CONVERSION = YES;
				CLANG_WARN_NON_LITERAL_NULL_CONVERSION = YES;
				CLANG_WARN_OBJC_IMPLICIT_RETAIN_SELF = YES;
				CLANG_WARN_OBJC_LITERAL_CONVERSION = YES;
				CLANG_WARN_OBJC_ROOT_CLASS = YES_ERROR;
				CLANG_WARN_QUOTED_INCLUDE_IN_FRAMEWORK_HEADER = YES;
				CLANG_WARN_RANGE_LOOP_ANALYSIS = YES;
				CLANG_WARN_STRICT_PROTOTYPES = YES;
				CLANG_WARN_SUSPICIOUS_MOVE = YES;
				CLANG_WARN_UNGUARDED_AVAILABILITY = YES_AGGRESSIVE;
				CLANG_WARN_UNREACHABLE_CODE = YES;
				CLANG_WARN__DUPLICATE_METHOD_MATCH = YES;
				COPY_PHASE_STRIP = NO;
				DEBUG_INFORMATION_FORMAT = dwarf;
				ENABLE_STRICT_OBJC_MSGSEND = YES;
				ENABLE_TESTABILITY = YES;
				GCC_C_LANGUAGE_STANDARD = gnu11;
				GCC_DYNAMIC_NO_PIC = NO;
				GCC_NO_COMMON_BLOCKS = YES;
				GCC_OPTIMIZATION_LEVEL = 0;
				GCC_PREPROCESSOR_DEFINITIONS = (
					"DEBUG=1",
					"$(inherited)",
				);
				GCC_WARN_64_TO_32_BIT_CONVERSION = YES;
				GCC_WARN_ABOUT_RETURN_TYPE = YES_ERROR;
				GCC_WARN_UNDECLARED_SELECTOR = YES;
				GCC_WARN_UNINITIALIZED_AUTOS = YES_AGGRESSIVE;
				GCC_WARN_UNUSED_FUNCTION = YES;
				GCC_WARN_UNUSED_VARIABLE = YES;
				IPHONEOS_DEPLOYMENT_TARGET = 16.4;
				MTL_ENABLE_DEBUG_INFO = INCLUDE_SOURCE;
				MTL_FAST_MATH = YES;
				ONLY_ACTIVE_ARCH = YES;
				SDKROOT = iphoneos;
				SWIFT_ACTIVE_COMPILATION_CONDITIONS = DEBUG;
				SWIFT_OPTIMIZATION_LEVEL = "-Onone";
			};
			name = Debug;
		};
		8143C74E29F7FD59007E7B0C /* Release */ = {
			isa = XCBuildConfiguration;
			buildSettings = {
				ALWAYS_SEARCH_USER_PATHS = NO;
				CLANG_ANALYZER_NONNULL = YES;
				CLANG_ANALYZER_NUMBER_OBJECT_CONVERSION = YES_AGGRESSIVE;
				CLANG_CXX_LANGUAGE_STANDARD = "gnu++20";
				CLANG_ENABLE_MODULES = YES;
				CLANG_ENABLE_OBJC_ARC = YES;
				CLANG_ENABLE_OBJC_WEAK = YES;
				CLANG_WARN_BLOCK_CAPTURE_AUTORELEASING = YES;
				CLANG_WARN_BOOL_CONVERSION = YES;
				CLANG_WARN_COMMA = YES;
				CLANG_WARN_CONSTANT_CONVERSION = YES;
				CLANG_WARN_DEPRECATED_OBJC_IMPLEMENTATIONS = YES;
				CLANG_WARN_DIRECT_OBJC_ISA_USAGE = YES_ERROR;
				CLANG_WARN_DOCUMENTATION_COMMENTS = YES;
				CLANG_WARN_EMPTY_BODY = YES;
				CLANG_WARN_ENUM_CONVERSION = YES;
				CLANG_WARN_INFINITE_RECURSION = YES;
				CLANG_WARN_INT_CONVERSION = YES;
				CLANG_WARN_NON_LITERAL_NULL_CONVERSION = YES;
				CLANG_WARN_OBJC_IMPLICIT_RETAIN_SELF = YES;
				CLANG_WARN_OBJC_LITERAL_CONVERSION = YES;
				CLANG_WARN_OBJC_ROOT_CLASS = YES_ERROR;
				CLANG_WARN_QUOTED_INCLUDE_IN_FRAMEWORK_HEADER = YES;
				CLANG_WARN_RANGE_LOOP_ANALYSIS = YES;
				CLANG_WARN_STRICT_PROTOTYPES = YES;
				CLANG_WARN_SUSPICIOUS_MOVE = YES;
				CLANG_WARN_UNGUARDED_AVAILABILITY = YES_AGGRESSIVE;
				CLANG_WARN_UNREACHABLE_CODE = YES;
				CLANG_WARN__DUPLICATE_METHOD_MATCH = YES;
				COPY_PHASE_STRIP = NO;
				DEBUG_INFORMATION_FORMAT = "dwarf-with-dsym";
				ENABLE_NS_ASSERTIONS = NO;
				ENABLE_STRICT_OBJC_MSGSEND = YES;
				GCC_C_LANGUAGE_STANDARD = gnu11;
				GCC_NO_COMMON_BLOCKS = YES;
				GCC_WARN_64_TO_32_BIT_CONVERSION = YES;
				GCC_WARN_ABOUT_RETURN_TYPE = YES_ERROR;
				GCC_WARN_UNDECLARED_SELECTOR = YES;
				GCC_WARN_UNINITIALIZED_AUTOS = YES_AGGRESSIVE;
				GCC_WARN_UNUSED_FUNCTION = YES;
				GCC_WARN_UNUSED_VARIABLE = YES;
				IPHONEOS_DEPLOYMENT_TARGET = 16.4;
				MTL_ENABLE_DEBUG_INFO = NO;
				MTL_FAST_MATH = YES;
				SDKROOT = iphoneos;
				SWIFT_COMPILATION_MODE = wholemodule;
				SWIFT_OPTIMIZATION_LEVEL = "-O";
				VALIDATE_PRODUCT = YES;
			};
			name = Release;
		};
		8143C75029F7FD59007E7B0C /* Debug */ = {
			isa = XCBuildConfiguration;
			buildSettings = {
				ASSETCATALOG_COMPILER_APPICON_NAME = AppIcon;
				ASSETCATALOG_COMPILER_GLOBAL_ACCENT_COLOR_NAME = AccentColor;
				CODE_SIGN_STYLE = Automatic;
				CURRENT_PROJECT_VERSION = 1;
				DEVELOPMENT_TEAM = 94LFJU4598;
				GENERATE_INFOPLIST_FILE = YES;
				INFOPLIST_FILE = AluraLeilao/Info.plist;
				INFOPLIST_KEY_UIApplicationSupportsIndirectInputEvents = YES;
				INFOPLIST_KEY_UILaunchStoryboardName = LaunchScreen;
				INFOPLIST_KEY_UIMainStoryboardFile = Main;
				INFOPLIST_KEY_UISupportedInterfaceOrientations_iPad = "UIInterfaceOrientationPortrait UIInterfaceOrientationPortraitUpsideDown UIInterfaceOrientationLandscapeLeft UIInterfaceOrientationLandscapeRight";
				INFOPLIST_KEY_UISupportedInterfaceOrientations_iPhone = "UIInterfaceOrientationPortrait UIInterfaceOrientationLandscapeLeft UIInterfaceOrientationLandscapeRight";
				LD_RUNPATH_SEARCH_PATHS = (
					"$(inherited)",
					"@executable_path/Frameworks",
				);
				MARKETING_VERSION = 1.0;
				PRODUCT_BUNDLE_IDENTIFIER = damaren.AluraLeilao;
				PRODUCT_NAME = "$(TARGET_NAME)";
				SWIFT_EMIT_LOC_STRINGS = YES;
				SWIFT_VERSION = 5.0;
				TARGETED_DEVICE_FAMILY = "1,2";
			};
			name = Debug;
		};
		8143C75129F7FD59007E7B0C /* Release */ = {
			isa = XCBuildConfiguration;
			buildSettings = {
				ASSETCATALOG_COMPILER_APPICON_NAME = AppIcon;
				ASSETCATALOG_COMPILER_GLOBAL_ACCENT_COLOR_NAME = AccentColor;
				CODE_SIGN_STYLE = Automatic;
				CURRENT_PROJECT_VERSION = 1;
				DEVELOPMENT_TEAM = 94LFJU4598;
				GENERATE_INFOPLIST_FILE = YES;
				INFOPLIST_FILE = AluraLeilao/Info.plist;
				INFOPLIST_KEY_UIApplicationSupportsIndirectInputEvents = YES;
				INFOPLIST_KEY_UILaunchStoryboardName = LaunchScreen;
				INFOPLIST_KEY_UIMainStoryboardFile = Main;
				INFOPLIST_KEY_UISupportedInterfaceOrientations_iPad = "UIInterfaceOrientationPortrait UIInterfaceOrientationPortraitUpsideDown UIInterfaceOrientationLandscapeLeft UIInterfaceOrientationLandscapeRight";
				INFOPLIST_KEY_UISupportedInterfaceOrientations_iPhone = "UIInterfaceOrientationPortrait UIInterfaceOrientationLandscapeLeft UIInterfaceOrientationLandscapeRight";
				LD_RUNPATH_SEARCH_PATHS = (
					"$(inherited)",
					"@executable_path/Frameworks",
				);
				MARKETING_VERSION = 1.0;
				PRODUCT_BUNDLE_IDENTIFIER = damaren.AluraLeilao;
				PRODUCT_NAME = "$(TARGET_NAME)";
				SWIFT_EMIT_LOC_STRINGS = YES;
				SWIFT_VERSION = 5.0;
				TARGETED_DEVICE_FAMILY = "1,2";
			};
			name = Release;
		};
		8143C75329F7FD59007E7B0C /* Debug */ = {
			isa = XCBuildConfiguration;
			buildSettings = {
				ALWAYS_EMBED_SWIFT_STANDARD_LIBRARIES = YES;
				BUNDLE_LOADER = "$(TEST_HOST)";
				CODE_SIGN_STYLE = Automatic;
				CURRENT_PROJECT_VERSION = 1;
				DEVELOPMENT_TEAM = 94LFJU4598;
				GENERATE_INFOPLIST_FILE = YES;
				IPHONEOS_DEPLOYMENT_TARGET = 16.4;
				MARKETING_VERSION = 1.0;
				PRODUCT_BUNDLE_IDENTIFIER = damaren.AluraLeilaoTests;
				PRODUCT_NAME = "$(TARGET_NAME)";
				SWIFT_EMIT_LOC_STRINGS = NO;
				SWIFT_VERSION = 5.0;
				TARGETED_DEVICE_FAMILY = "1,2";
				TEST_HOST = "$(BUILT_PRODUCTS_DIR)/AluraLeilao.app/$(BUNDLE_EXECUTABLE_FOLDER_PATH)/AluraLeilao";
			};
			name = Debug;
		};
		8143C75429F7FD59007E7B0C /* Release */ = {
			isa = XCBuildConfiguration;
			buildSettings = {
				ALWAYS_EMBED_SWIFT_STANDARD_LIBRARIES = YES;
				BUNDLE_LOADER = "$(TEST_HOST)";
				CODE_SIGN_STYLE = Automatic;
				CURRENT_PROJECT_VERSION = 1;
				DEVELOPMENT_TEAM = 94LFJU4598;
				GENERATE_INFOPLIST_FILE = YES;
				IPHONEOS_DEPLOYMENT_TARGET = 16.4;
				MARKETING_VERSION = 1.0;
				PRODUCT_BUNDLE_IDENTIFIER = damaren.AluraLeilaoTests;
				PRODUCT_NAME = "$(TARGET_NAME)";
				SWIFT_EMIT_LOC_STRINGS = NO;
				SWIFT_VERSION = 5.0;
				TARGETED_DEVICE_FAMILY = "1,2";
				TEST_HOST = "$(BUILT_PRODUCTS_DIR)/AluraLeilao.app/$(BUNDLE_EXECUTABLE_FOLDER_PATH)/AluraLeilao";
			};
			name = Release;
		};
		8143C75629F7FD59007E7B0C /* Debug */ = {
			isa = XCBuildConfiguration;
			buildSettings = {
				ALWAYS_EMBED_SWIFT_STANDARD_LIBRARIES = YES;
				CODE_SIGN_STYLE = Automatic;
				CURRENT_PROJECT_VERSION = 1;
				DEVELOPMENT_TEAM = 94LFJU4598;
				GENERATE_INFOPLIST_FILE = YES;
				MARKETING_VERSION = 1.0;
				PRODUCT_BUNDLE_IDENTIFIER = damaren.AluraLeilaoUITests;
				PRODUCT_NAME = "$(TARGET_NAME)";
				SWIFT_EMIT_LOC_STRINGS = NO;
				SWIFT_VERSION = 5.0;
				TARGETED_DEVICE_FAMILY = "1,2";
				TEST_TARGET_NAME = AluraLeilao;
			};
			name = Debug;
		};
		8143C75729F7FD59007E7B0C /* Release */ = {
			isa = XCBuildConfiguration;
			buildSettings = {
				ALWAYS_EMBED_SWIFT_STANDARD_LIBRARIES = YES;
				CODE_SIGN_STYLE = Automatic;
				CURRENT_PROJECT_VERSION = 1;
				DEVELOPMENT_TEAM = 94LFJU4598;
				GENERATE_INFOPLIST_FILE = YES;
				MARKETING_VERSION = 1.0;
				PRODUCT_BUNDLE_IDENTIFIER = damaren.AluraLeilaoUITests;
				PRODUCT_NAME = "$(TARGET_NAME)";
				SWIFT_EMIT_LOC_STRINGS = NO;
				SWIFT_VERSION = 5.0;
				TARGETED_DEVICE_FAMILY = "1,2";
				TEST_TARGET_NAME = AluraLeilao;
			};
			name = Release;
		};
/* End XCBuildConfiguration section */

/* Begin XCConfigurationList section */
		8143C71D29F7FD56007E7B0C /* Build configuration list for PBXProject "AluraLeilao" */ = {
			isa = XCConfigurationList;
			buildConfigurations = (
				8143C74D29F7FD59007E7B0C /* Debug */,
				8143C74E29F7FD59007E7B0C /* Release */,
			);
			defaultConfigurationIsVisible = 0;
			defaultConfigurationName = Release;
		};
		8143C74F29F7FD59007E7B0C /* Build configuration list for PBXNativeTarget "AluraLeilao" */ = {
			isa = XCConfigurationList;
			buildConfigurations = (
				8143C75029F7FD59007E7B0C /* Debug */,
				8143C75129F7FD59007E7B0C /* Release */,
			);
			defaultConfigurationIsVisible = 0;
			defaultConfigurationName = Release;
		};
		8143C75229F7FD59007E7B0C /* Build configuration list for PBXNativeTarget "AluraLeilaoTests" */ = {
			isa = XCConfigurationList;
			buildConfigurations = (
				8143C75329F7FD59007E7B0C /* Debug */,
				8143C75429F7FD59007E7B0C /* Release */,
			);
			defaultConfigurationIsVisible = 0;
			defaultConfigurationName = Release;
		};
		8143C75529F7FD59007E7B0C /* Build configuration list for PBXNativeTarget "AluraLeilaoUITests" */ = {
			isa = XCConfigurationList;
			buildConfigurations = (
				8143C75629F7FD59007E7B0C /* Debug */,
				8143C75729F7FD59007E7B0C /* Release */,
			);
			defaultConfigurationIsVisible = 0;
			defaultConfigurationName = Release;
		};
/* End XCConfigurationList section */

/* Begin XCVersionGroup section */
		8143C72E29F7FD57007E7B0C /* AluraLeilao.xcdatamodeld */ = {
			isa = XCVersionGroup;
			children = (
				8143C72F29F7FD57007E7B0C /* AluraLeilao.xcdatamodel */,
			);
			currentVersion = 8143C72F29F7FD57007E7B0C /* AluraLeilao.xcdatamodel */;
			path = AluraLeilao.xcdatamodeld;
			sourceTree = "<group>";
			versionGroupType = wrapper.xcdatamodel;
		};
/* End XCVersionGroup section */
	};
	rootObject = 8143C71A29F7FD56007E7B0C /* Project object */;
}
